// !$*UTF8*$!
{
	archiveVersion = 1;
	classes = {
	};
	objectVersion = 46;
	objects = {

/* Begin PBXBuildFile section */
		977934DA1C23135F00D849E7 /* AppDelegate.swift in Sources */ = {isa = PBXBuildFile; fileRef = 977934D91C23135F00D849E7 /* AppDelegate.swift */; };
		977934DC1C23135F00D849E7 /* ViewController.swift in Sources */ = {isa = PBXBuildFile; fileRef = 977934DB1C23135F00D849E7 /* ViewController.swift */; };
		977934DF1C23135F00D849E7 /* Main.storyboard in Resources */ = {isa = PBXBuildFile; fileRef = 977934DD1C23135F00D849E7 /* Main.storyboard */; };
		977934E11C23135F00D849E7 /* Assets.xcassets in Resources */ = {isa = PBXBuildFile; fileRef = 977934E01C23135F00D849E7 /* Assets.xcassets */; };
		977934E41C23135F00D849E7 /* LaunchScreen.storyboard in Resources */ = {isa = PBXBuildFile; fileRef = 977934E21C23135F00D849E7 /* LaunchScreen.storyboard */; };
		977934EF1C23135F00D849E7 /* transit_storyboardTests.swift in Sources */ = {isa = PBXBuildFile; fileRef = 977934EE1C23135F00D849E7 /* transit_storyboardTests.swift */; };
		977934FA1C23135F00D849E7 /* transit_storyboardUITests.swift in Sources */ = {isa = PBXBuildFile; fileRef = 977934F91C23135F00D849E7 /* transit_storyboardUITests.swift */; };
/* End PBXBuildFile section */

/* Begin PBXContainerItemProxy section */
		977934EB1C23135F00D849E7 /* PBXContainerItemProxy */ = {
			isa = PBXContainerItemProxy;
			containerPortal = 977934CE1C23135F00D849E7 /* Project object */;
			proxyType = 1;
			remoteGlobalIDString = 977934D51C23135F00D849E7;
			remoteInfo = transit_storyboard;
		};
		977934F61C23135F00D849E7 /* PBXContainerItemProxy */ = {
			isa = PBXContainerItemProxy;
			containerPortal = 977934CE1C23135F00D849E7 /* Project object */;
			proxyType = 1;
			remoteGlobalIDString = 977934D51C23135F00D849E7;
			remoteInfo = transit_storyboard;
		};
/* End PBXContainerItemProxy section */

/* Begin PBXFileReference section */
		977934D61C23135F00D849E7 /* transit_storyboard.app */ = {isa = PBXFileReference; explicitFileType = wrapper.application; includeInIndex = 0; path = transit_storyboard.app; sourceTree = BUILT_PRODUCTS_DIR; };
		977934D91C23135F00D849E7 /* AppDelegate.swift */ = {isa = PBXFileReference; lastKnownFileType = sourcecode.swift; path = AppDelegate.swift; sourceTree = "<group>"; };
		977934DB1C23135F00D849E7 /* ViewController.swift */ = {isa = PBXFileReference; lastKnownFileType = sourcecode.swift; path = ViewController.swift; sourceTree = "<group>"; };
		977934DE1C23135F00D849E7 /* Base */ = {isa = PBXFileReference; lastKnownFileType = file.storyboard; name = Base; path = Base.lproj/Main.storyboard; sourceTree = "<group>"; };
		977934E01C23135F00D849E7 /* Assets.xcassets */ = {isa = PBXFileReference; lastKnownFileType = folder.assetcatalog; path = Assets.xcassets; sourceTree = "<group>"; };
		977934E31C23135F00D849E7 /* Base */ = {isa = PBXFileReference; lastKnownFileType = file.storyboard; name = Base; path = Base.lproj/LaunchScreen.storyboard; sourceTree = "<group>"; };
		977934E51C23135F00D849E7 /* Info.plist */ = {isa = PBXFileReference; lastKnownFileType = text.plist.xml; path = Info.plist; sourceTree = "<group>"; };
		977934EA1C23135F00D849E7 /* transit_storyboardTests.xctest */ = {isa = PBXFileReference; explicitFileType = wrapper.cfbundle; includeInIndex = 0; path = transit_storyboardTests.xctest; sourceTree = BUILT_PRODUCTS_DIR; };
		977934EE1C23135F00D849E7 /* transit_storyboardTests.swift */ = {isa = PBXFileReference; lastKnownFileType = sourcecode.swift; path = transit_storyboardTests.swift; sourceTree = "<group>"; };
		977934F01C23135F00D849E7 /* Info.plist */ = {isa = PBXFileReference; lastKnownFileType = text.plist.xml; path = Info.plist; sourceTree = "<group>"; };
		977934F51C23135F00D849E7 /* transit_storyboardUITests.xctest */ = {isa = PBXFileReference; explicitFileType = wrapper.cfbundle; includeInIndex = 0; path = transit_storyboardUITests.xctest; sourceTree = BUILT_PRODUCTS_DIR; };
		977934F91C23135F00D849E7 /* transit_storyboardUITests.swift */ = {isa = PBXFileReference; lastKnownFileType = sourcecode.swift; path = transit_storyboardUITests.swift; sourceTree = "<group>"; };
		977934FB1C23135F00D849E7 /* Info.plist */ = {isa = PBXFileReference; lastKnownFileType = text.plist.xml; path = Info.plist; sourceTree = "<group>"; };
/* End PBXFileReference section */

/* Begin PBXFrameworksBuildPhase section */
		977934D31C23135F00D849E7 /* Frameworks */ = {
			isa = PBXFrameworksBuildPhase;
			buildActionMask = 2147483647;
			files = (
			);
			runOnlyForDeploymentPostprocessing = 0;
		};
		977934E71C23135F00D849E7 /* Frameworks */ = {
			isa = PBXFrameworksBuildPhase;
			buildActionMask = 2147483647;
			files = (
			);
			runOnlyForDeploymentPostprocessing = 0;
		};
		977934F21C23135F00D849E7 /* Frameworks */ = {
			isa = PBXFrameworksBuildPhase;
			buildActionMask = 2147483647;
			files = (
			);
			runOnlyForDeploymentPostprocessing = 0;
		};
/* End PBXFrameworksBuildPhase section */

/* Begin PBXGroup section */
		977934CD1C23135F00D849E7 = {
			isa = PBXGroup;
			children = (
				977934D81C23135F00D849E7 /* transit_storyboard */,
				977934ED1C23135F00D849E7 /* transit_storyboardTests */,
				977934F81C23135F00D849E7 /* transit_storyboardUITests */,
				977934D71C23135F00D849E7 /* Products */,
			);
			sourceTree = "<group>";
		};
		977934D71C23135F00D849E7 /* Products */ = {
			isa = PBXGroup;
			children = (
				977934D61C23135F00D849E7 /* transit_storyboard.app */,
				977934EA1C23135F00D849E7 /* transit_storyboardTests.xctest */,
				977934F51C23135F00D849E7 /* transit_storyboardUITests.xctest */,
			);
			name = Products;
			sourceTree = "<group>";
		};
		977934D81C23135F00D849E7 /* transit_storyboard */ = {
			isa = PBXGroup;
			children = (
				977934D91C23135F00D849E7 /* AppDelegate.swift */,
				977934DB1C23135F00D849E7 /* ViewController.swift */,
				977934DD1C23135F00D849E7 /* Main.storyboard */,
				977934E01C23135F00D849E7 /* Assets.xcassets */,
				977934E21C23135F00D849E7 /* LaunchScreen.storyboard */,
				977934E51C23135F00D849E7 /* Info.plist */,
			);
			path = transit_storyboard;
			sourceTree = "<group>";
		};
		977934ED1C23135F00D849E7 /* transit_storyboardTests */ = {
			isa = PBXGroup;
			children = (
				977934EE1C23135F00D849E7 /* transit_storyboardTests.swift */,
				977934F01C23135F00D849E7 /* Info.plist */,
			);
			path = transit_storyboardTests;
			sourceTree = "<group>";
		};
		977934F81C23135F00D849E7 /* transit_storyboardUITests */ = {
			isa = PBXGroup;
			children = (
				977934F91C23135F00D849E7 /* transit_storyboardUITests.swift */,
				977934FB1C23135F00D849E7 /* Info.plist */,
			);
			path = transit_storyboardUITests;
			sourceTree = "<group>";
		};
/* End PBXGroup section */

/* Begin PBXNativeTarget section */
		977934D51C23135F00D849E7 /* transit_storyboard */ = {
			isa = PBXNativeTarget;
			buildConfigurationList = 977934FE1C23135F00D849E7 /* Build configuration list for PBXNativeTarget "transit_storyboard" */;
			buildPhases = (
				977934D21C23135F00D849E7 /* Sources */,
				977934D31C23135F00D849E7 /* Frameworks */,
				977934D41C23135F00D849E7 /* Resources */,
			);
			buildRules = (
			);
			dependencies = (
			);
			name = transit_storyboard;
			productName = transit_storyboard;
			productReference = 977934D61C23135F00D849E7 /* transit_storyboard.app */;
			productType = "com.apple.product-type.application";
		};
		977934E91C23135F00D849E7 /* transit_storyboardTests */ = {
			isa = PBXNativeTarget;
			buildConfigurationList = 977935011C23135F00D849E7 /* Build configuration list for PBXNativeTarget "transit_storyboardTests" */;
			buildPhases = (
				977934E61C23135F00D849E7 /* Sources */,
				977934E71C23135F00D849E7 /* Frameworks */,
				977934E81C23135F00D849E7 /* Resources */,
			);
			buildRules = (
			);
			dependencies = (
				977934EC1C23135F00D849E7 /* PBXTargetDependency */,
			);
			name = transit_storyboardTests;
			productName = transit_storyboardTests;
			productReference = 977934EA1C23135F00D849E7 /* transit_storyboardTests.xctest */;
			productType = "com.apple.product-type.bundle.unit-test";
		};
		977934F41C23135F00D849E7 /* transit_storyboardUITests */ = {
			isa = PBXNativeTarget;
			buildConfigurationList = 977935041C23135F00D849E7 /* Build configuration list for PBXNativeTarget "transit_storyboardUITests" */;
			buildPhases = (
				977934F11C23135F00D849E7 /* Sources */,
				977934F21C23135F00D849E7 /* Frameworks */,
				977934F31C23135F00D849E7 /* Resources */,
			);
			buildRules = (
			);
			dependencies = (
				977934F71C23135F00D849E7 /* PBXTargetDependency */,
			);
			name = transit_storyboardUITests;
			productName = transit_storyboardUITests;
			productReference = 977934F51C23135F00D849E7 /* transit_storyboardUITests.xctest */;
			productType = "com.apple.product-type.bundle.ui-testing";
		};
/* End PBXNativeTarget section */

/* Begin PBXProject section */
		977934CE1C23135F00D849E7 /* Project object */ = {
			isa = PBXProject;
			attributes = {
				LastSwiftUpdateCheck = 0720;
				LastUpgradeCheck = 0720;
				ORGANIZATIONNAME = "古屋 郷";
				TargetAttributes = {
					977934D51C23135F00D849E7 = {
						CreatedOnToolsVersion = 7.2;
					};
					977934E91C23135F00D849E7 = {
						CreatedOnToolsVersion = 7.2;
						TestTargetID = 977934D51C23135F00D849E7;
					};
					977934F41C23135F00D849E7 = {
						CreatedOnToolsVersion = 7.2;
						TestTargetID = 977934D51C23135F00D849E7;
					};
				};
			};
			buildConfigurationList = 977934D11C23135F00D849E7 /* Build configuration list for PBXProject "transit_storyboard" */;
			compatibilityVersion = "Xcode 3.2";
			developmentRegion = English;
			hasScannedForEncodings = 0;
			knownRegions = (
				en,
				Base,
			);
			mainGroup = 977934CD1C23135F00D849E7;
			productRefGroup = 977934D71C23135F00D849E7 /* Products */;
			projectDirPath = "";
			projectRoot = "";
			targets = (
				977934D51C23135F00D849E7 /* transit_storyboard */,
				977934E91C23135F00D849E7 /* transit_storyboardTests */,
				977934F41C23135F00D849E7 /* transit_storyboardUITests */,
			);
		};
/* End PBXProject section */

/* Begin PBXResourcesBuildPhase section */
		977934D41C23135F00D849E7 /* Resources */ = {
			isa = PBXResourcesBuildPhase;
			buildActionMask = 2147483647;
			files = (
				977934E41C23135F00D849E7 /* LaunchScreen.storyboard in Resources */,
				977934E11C23135F00D849E7 /* Assets.xcassets in Resources */,
				977934DF1C23135F00D849E7 /* Main.storyboard in Resources */,
			);
			runOnlyForDeploymentPostprocessing = 0;
		};
		977934E81C23135F00D849E7 /* Resources */ = {
			isa = PBXResourcesBuildPhase;
			buildActionMask = 2147483647;
			files = (
			);
			runOnlyForDeploymentPostprocessing = 0;
		};
		977934F31C23135F00D849E7 /* Resources */ = {
			isa = PBXResourcesBuildPhase;
			buildActionMask = 2147483647;
			files = (
			);
			runOnlyForDeploymentPostprocessing = 0;
		};
/* End PBXResourcesBuildPhase section */

/* Begin PBXSourcesBuildPhase section */
		977934D21C23135F00D849E7 /* Sources */ = {
			isa = PBXSourcesBuildPhase;
			buildActionMask = 2147483647;
			files = (
				977934DC1C23135F00D849E7 /* ViewController.swift in Sources */,
				977934DA1C23135F00D849E7 /* AppDelegate.swift in Sources */,
			);
			runOnlyForDeploymentPostprocessing = 0;
		};
		977934E61C23135F00D849E7 /* Sources */ = {
			isa = PBXSourcesBuildPhase;
			buildActionMask = 2147483647;
			files = (
				977934EF1C23135F00D849E7 /* transit_storyboardTests.swift in Sources */,
			);
			runOnlyForDeploymentPostprocessing = 0;
		};
		977934F11C23135F00D849E7 /* Sources */ = {
			isa = PBXSourcesBuildPhase;
			buildActionMask = 2147483647;
			files = (
				977934FA1C23135F00D849E7 /* transit_storyboardUITests.swift in Sources */,
			);
			runOnlyForDeploymentPostprocessing = 0;
		};
/* End PBXSourcesBuildPhase section */

/* Begin PBXTargetDependency section */
		977934EC1C23135F00D849E7 /* PBXTargetDependency */ = {
			isa = PBXTargetDependency;
			target = 977934D51C23135F00D849E7 /* transit_storyboard */;
			targetProxy = 977934EB1C23135F00D849E7 /* PBXContainerItemProxy */;
		};
		977934F71C23135F00D849E7 /* PBXTargetDependency */ = {
			isa = PBXTargetDependency;
			target = 977934D51C23135F00D849E7 /* transit_storyboard */;
			targetProxy = 977934F61C23135F00D849E7 /* PBXContainerItemProxy */;
		};
/* End PBXTargetDependency section */

/* Begin PBXVariantGroup section */
		977934DD1C23135F00D849E7 /* Main.storyboard */ = {
			isa = PBXVariantGroup;
			children = (
				977934DE1C23135F00D849E7 /* Base */,
			);
			name = Main.storyboard;
			sourceTree = "<group>";
		};
		977934E21C23135F00D849E7 /* LaunchScreen.storyboard */ = {
			isa = PBXVariantGroup;
			children = (
				977934E31C23135F00D849E7 /* Base */,
			);
			name = LaunchScreen.storyboard;
			sourceTree = "<group>";
		};
/* End PBXVariantGroup section */

/* Begin XCBuildConfiguration section */
		977934FC1C23135F00D849E7 /* Debug */ = {
			isa = XCBuildConfiguration;
			buildSettings = {
				ALWAYS_SEARCH_USER_PATHS = NO;
				CLANG_CXX_LANGUAGE_STANDARD = "gnu++0x";
				CLANG_CXX_LIBRARY = "libc++";
				CLANG_ENABLE_MODULES = YES;
				CLANG_ENABLE_OBJC_ARC = YES;
				CLANG_WARN_BOOL_CONVERSION = YES;
				CLANG_WARN_CONSTANT_CONVERSION = YES;
				CLANG_WARN_DIRECT_OBJC_ISA_USAGE = YES_ERROR;
				CLANG_WARN_EMPTY_BODY = YES;
				CLANG_WARN_ENUM_CONVERSION = YES;
				CLANG_WARN_INT_CONVERSION = YES;
				CLANG_WARN_OBJC_ROOT_CLASS = YES_ERROR;
				CLANG_WARN_UNREACHABLE_CODE = YES;
				CLANG_WARN__DUPLICATE_METHOD_MATCH = YES;
				"CODE_SIGN_IDENTITY[sdk=iphoneos*]" = "iPhone Developer";
				COPY_PHASE_STRIP = NO;
				DEBUG_INFORMATION_FORMAT = dwarf;
				ENABLE_STRICT_OBJC_MSGSEND = YES;
				ENABLE_TESTABILITY = YES;
				GCC_C_LANGUAGE_STANDARD = gnu99;
				GCC_DYNAMIC_NO_PIC = NO;
				GCC_NO_COMMON_BLOCKS = YES;
				GCC_OPTIMIZATION_LEVEL = 0;
				GCC_PREPROCESSOR_DEFINITIONS = (
					"DEBUG=1",
					"$(inherited)",
				);
				GCC_WARN_64_TO_32_BIT_CONVERSION = YES;
				GCC_WARN_ABOUT_RETURN_TYPE = YES_ERROR;
				GCC_WARN_UNDECLARED_SELECTOR = YES;
				GCC_WARN_UNINITIALIZED_AUTOS = YES_AGGRESSIVE;
				GCC_WARN_UNUSED_FUNCTION = YES;
				GCC_WARN_UNUSED_VARIABLE = YES;
				IPHONEOS_DEPLOYMENT_TARGET = 9.2;
				MTL_ENABLE_DEBUG_INFO = YES;
				ONLY_ACTIVE_ARCH = YES;
				SDKROOT = iphoneos;
				SWIFT_OPTIMIZATION_LEVEL = "-Onone";
				TARGETED_DEVICE_FAMILY = "1,2";
			};
			name = Debug;
		};
		977934FD1C23135F00D849E7 /* Release */ = {
			isa = XCBuildConfiguration;
			buildSettings = {
				ALWAYS_SEARCH_USER_PATHS = NO;
				CLANG_CXX_LANGUAGE_STANDARD = "gnu++0x";
				CLANG_CXX_LIBRARY = "libc++";
				CLANG_ENABLE_MODULES = YES;
				CLANG_ENABLE_OBJC_ARC = YES;
				CLANG_WARN_BOOL_CONVERSION = YES;
				CLANG_WARN_CONSTANT_CONVERSION = YES;
				CLANG_WARN_DIRECT_OBJC_ISA_USAGE = YES_ERROR;
				CLANG_WARN_EMPTY_BODY = YES;
				CLANG_WARN_ENUM_CONVERSION = YES;
				CLANG_WARN_INT_CONVERSION = YES;
				CLANG_WARN_OBJC_ROOT_CLASS = YES_ERROR;
				CLANG_WARN_UNREACHABLE_CODE = YES;
				CLANG_WARN__DUPLICATE_METHOD_MATCH = YES;
				"CODE_SIGN_IDENTITY[sdk=iphoneos*]" = "iPhone Developer";
				COPY_PHASE_STRIP = NO;
				DEBUG_INFORMATION_FORMAT = "dwarf-with-dsym";
				ENABLE_NS_ASSERTIONS = NO;
				ENABLE_STRICT_OBJC_MSGSEND = YES;
				GCC_C_LANGUAGE_STANDARD = gnu99;
				GCC_NO_COMMON_BLOCKS = YES;
				GCC_WARN_64_TO_32_BIT_CONVERSION = YES;
				GCC_WARN_ABOUT_RETURN_TYPE = YES_ERROR;
				GCC_WARN_UNDECLARED_SELECTOR = YES;
				GCC_WARN_UNINITIALIZED_AUTOS = YES_AGGRESSIVE;
				GCC_WARN_UNUSED_FUNCTION = YES;
				GCC_WARN_UNUSED_VARIABLE = YES;
				IPHONEOS_DEPLOYMENT_TARGET = 9.2;
				MTL_ENABLE_DEBUG_INFO = NO;
				SDKROOT = iphoneos;
				TARGETED_DEVICE_FAMILY = "1,2";
				VALIDATE_PRODUCT = YES;
			};
			name = Release;
		};
		977934FF1C23135F00D849E7 /* Debug */ = {
			isa = XCBuildConfiguration;
			buildSettings = {
				ASSETCATALOG_COMPILER_APPICON_NAME = AppIcon;
				INFOPLIST_FILE = transit_storyboard/Info.plist;
				LD_RUNPATH_SEARCH_PATHS = "$(inherited) @executable_path/Frameworks";
				PRODUCT_BUNDLE_IDENTIFIER = "com.example.transit-storyboard";
				PRODUCT_NAME = "$(TARGET_NAME)";
			};
			name = Debug;
		};
		977935001C23135F00D849E7 /* Release */ = {
			isa = XCBuildConfiguration;
			buildSettings = {
				ASSETCATALOG_COMPILER_APPICON_NAME = AppIcon;
				INFOPLIST_FILE = transit_storyboard/Info.plist;
				LD_RUNPATH_SEARCH_PATHS = "$(inherited) @executable_path/Frameworks";
				PRODUCT_BUNDLE_IDENTIFIER = "com.example.transit-storyboard";
				PRODUCT_NAME = "$(TARGET_NAME)";
			};
			name = Release;
		};
		977935021C23135F00D849E7 /* Debug */ = {
			isa = XCBuildConfiguration;
			buildSettings = {
				BUNDLE_LOADER = "$(TEST_HOST)";
				INFOPLIST_FILE = transit_storyboardTests/Info.plist;
				LD_RUNPATH_SEARCH_PATHS = "$(inherited) @executable_path/Frameworks @loader_path/Frameworks";
				PRODUCT_BUNDLE_IDENTIFIER = "com.example.transit-storyboardTests";
				PRODUCT_NAME = "$(TARGET_NAME)";
				TEST_HOST = "$(BUILT_PRODUCTS_DIR)/transit_storyboard.app/transit_storyboard";
			};
			name = Debug;
		};
		977935031C23135F00D849E7 /* Release */ = {
			isa = XCBuildConfiguration;
			buildSettings = {
				BUNDLE_LOADER = "$(TEST_HOST)";
				INFOPLIST_FILE = transit_storyboardTests/Info.plist;
				LD_RUNPATH_SEARCH_PATHS = "$(inherited) @executable_path/Frameworks @loader_path/Frameworks";
				PRODUCT_BUNDLE_IDENTIFIER = "com.example.transit-storyboardTests";
				PRODUCT_NAME = "$(TARGET_NAME)";
				TEST_HOST = "$(BUILT_PRODUCTS_DIR)/transit_storyboard.app/transit_storyboard";
			};
			name = Release;
		};
		977935051C23135F00D849E7 /* Debug */ = {
			isa = XCBuildConfiguration;
			buildSettings = {
				INFOPLIST_FILE = transit_storyboardUITests/Info.plist;
				LD_RUNPATH_SEARCH_PATHS = "$(inherited) @executable_path/Frameworks @loader_path/Frameworks";
				PRODUCT_BUNDLE_IDENTIFIER = "com.example.transit-storyboardUITests";
				PRODUCT_NAME = "$(TARGET_NAME)";
				TEST_TARGET_NAME = transit_storyboard;
				USES_XCTRUNNER = YES;
			};
			name = Debug;
		};
		977935061C23135F00D849E7 /* Release */ = {
			isa = XCBuildConfiguration;
			buildSettings = {
				INFOPLIST_FILE = transit_storyboardUITests/Info.plist;
				LD_RUNPATH_SEARCH_PATHS = "$(inherited) @executable_path/Frameworks @loader_path/Frameworks";
				PRODUCT_BUNDLE_IDENTIFIER = "com.example.transit-storyboardUITests";
				PRODUCT_NAME = "$(TARGET_NAME)";
				TEST_TARGET_NAME = transit_storyboard;
				USES_XCTRUNNER = YES;
			};
			name = Release;
		};
/* End XCBuildConfiguration section */

/* Begin XCConfigurationList section */
		977934D11C23135F00D849E7 /* Build configuration list for PBXProject "transit_storyboard" */ = {
			isa = XCConfigurationList;
			buildConfigurations = (
				977934FC1C23135F00D849E7 /* Debug */,
				977934FD1C23135F00D849E7 /* Release */,
			);
			defaultConfigurationIsVisible = 0;
			defaultConfigurationName = Release;
		};
		977934FE1C23135F00D849E7 /* Build configuration list for PBXNativeTarget "transit_storyboard" */ = {
			isa = XCConfigurationList;
			buildConfigurations = (
				977934FF1C23135F00D849E7 /* Debug */,
				977935001C23135F00D849E7 /* Release */,
			);
			defaultConfigurationIsVisible = 0;
		};
		977935011C23135F00D849E7 /* Build configuration list for PBXNativeTarget "transit_storyboardTests" */ = {
			isa = XCConfigurationList;
			buildConfigurations = (
				977935021C23135F00D849E7 /* Debug */,
				977935031C23135F00D849E7 /* Release */,
			);
			defaultConfigurationIsVisible = 0;
		};
		977935041C23135F00D849E7 /* Build configuration list for PBXNativeTarget "transit_storyboardUITests" */ = {
			isa = XCConfigurationList;
			buildConfigurations = (
				977935051C23135F00D849E7 /* Debug */,
				977935061C23135F00D849E7 /* Release */,
			);
			defaultConfigurationIsVisible = 0;
		};
/* End XCConfigurationList section */
	};
	rootObject = 977934CE1C23135F00D849E7 /* Project object */;
}
